// !$*UTF8*$!
{
	archiveVersion = 1;
	classes = {
	};
	objectVersion = 46;
	objects = {

/* Begin PBXBuildFile section */
		DEEE9B3E1ED7D59A00364F7F /* AppDelegate.swift in Sources */ = {isa = PBXBuildFile; fileRef = DEEE9B3D1ED7D59A00364F7F /* AppDelegate.swift */; };
		DEEE9B401ED7D59A00364F7F /* ViewController.swift in Sources */ = {isa = PBXBuildFile; fileRef = DEEE9B3F1ED7D59A00364F7F /* ViewController.swift */; };
		DEEE9B431ED7D59B00364F7F /* Main.storyboard in Resources */ = {isa = PBXBuildFile; fileRef = DEEE9B411ED7D59B00364F7F /* Main.storyboard */; };
		DEEE9B451ED7D59B00364F7F /* Assets.xcassets in Resources */ = {isa = PBXBuildFile; fileRef = DEEE9B441ED7D59B00364F7F /* Assets.xcassets */; };
		DEEE9B481ED7D59B00364F7F /* LaunchScreen.storyboard in Resources */ = {isa = PBXBuildFile; fileRef = DEEE9B461ED7D59B00364F7F /* LaunchScreen.storyboard */; };
/* End PBXBuildFile section */

/* Begin PBXFileReference section */
		DEEE9B3A1ED7D59A00364F7F /* apiDemo.app */ = {isa = PBXFileReference; explicitFileType = wrapper.application; includeInIndex = 0; path = apiDemo.app; sourceTree = BUILT_PRODUCTS_DIR; };
		DEEE9B3D1ED7D59A00364F7F /* AppDelegate.swift */ = {isa = PBXFileReference; lastKnownFileType = sourcecode.swift; path = AppDelegate.swift; sourceTree = "<group>"; };
		DEEE9B3F1ED7D59A00364F7F /* ViewController.swift */ = {isa = PBXFileReference; lastKnownFileType = sourcecode.swift; path = ViewController.swift; sourceTree = "<group>"; };
		DEEE9B421ED7D59B00364F7F /* Base */ = {isa = PBXFileReference; lastKnownFileType = file.storyboard; name = Base; path = Base.lproj/Main.storyboard; sourceTree = "<group>"; };
		DEEE9B441ED7D59B00364F7F /* Assets.xcassets */ = {isa = PBXFileReference; lastKnownFileType = folder.assetcatalog; path = Assets.xcassets; sourceTree = "<group>"; };
		DEEE9B471ED7D59B00364F7F /* Base */ = {isa = PBXFileReference; lastKnownFileType = file.storyboard; name = Base; path = Base.lproj/LaunchScreen.storyboard; sourceTree = "<group>"; };
		DEEE9B491ED7D59B00364F7F /* Info.plist */ = {isa = PBXFileReference; lastKnownFileType = text.plist.xml; path = Info.plist; sourceTree = "<group>"; };
/* End PBXFileReference section */

/* Begin PBXFrameworksBuildPhase section */
		DEEE9B371ED7D59A00364F7F /* Frameworks */ = {
			isa = PBXFrameworksBuildPhase;
			buildActionMask = 2147483647;
			files = (
			);
			runOnlyForDeploymentPostprocessing = 0;
		};
/* End PBXFrameworksBuildPhase section */

/* Begin PBXGroup section */
		DEEE9B311ED7D59A00364F7F = {
			isa = PBXGroup;
			children = (
				DEEE9B3C1ED7D59A00364F7F /* apiDemo */,
				DEEE9B3B1ED7D59A00364F7F /* Products */,
			);
			sourceTree = "<group>";
		};
		DEEE9B3B1ED7D59A00364F7F /* Products */ = {
			isa = PBXGroup;
			children = (
				DEEE9B3A1ED7D59A00364F7F /* apiDemo.app */,
			);
			name = Products;
			sourceTree = "<group>";
		};
		DEEE9B3C1ED7D59A00364F7F /* apiDemo */ = {
			isa = PBXGroup;
			children = (
				DEEE9B3D1ED7D59A00364F7F /* AppDelegate.swift */,
				DEEE9B3F1ED7D59A00364F7F /* ViewController.swift */,
				DEEE9B411ED7D59B00364F7F /* Main.storyboard */,
				DEEE9B441ED7D59B00364F7F /* Assets.xcassets */,
				DEEE9B461ED7D59B00364F7F /* LaunchScreen.storyboard */,
				DEEE9B491ED7D59B00364F7F /* Info.plist */,
			);
			path = apiDemo;
			sourceTree = "<group>";
		};
/* End PBXGroup section */

/* Begin PBXNativeTarget section */
		DEEE9B391ED7D59A00364F7F /* apiDemo */ = {
			isa = PBXNativeTarget;
			buildConfigurationList = DEEE9B4C1ED7D59B00364F7F /* Build configuration list for PBXNativeTarget "apiDemo" */;
			buildPhases = (
				DEEE9B361ED7D59A00364F7F /* Sources */,
				DEEE9B371ED7D59A00364F7F /* Frameworks */,
				DEEE9B381ED7D59A00364F7F /* Resources */,
			);
			buildRules = (
			);
			dependencies = (
			);
			name = apiDemo;
			productName = apiDemo;
			productReference = DEEE9B3A1ED7D59A00364F7F /* apiDemo.app */;
			productType = "com.apple.product-type.application";
		};
/* End PBXNativeTarget section */

/* Begin PBXProject section */
		DEEE9B321ED7D59A00364F7F /* Project object */ = {
			isa = PBXProject;
			attributes = {
				LastSwiftUpdateCheck = 0830;
				LastUpgradeCheck = 0830;
				ORGANIZATIONNAME = "Dumb Unicorn";
				TargetAttributes = {
					DEEE9B391ED7D59A00364F7F = {
						CreatedOnToolsVersion = 8.3.2;
						DevelopmentTeam = 42ESUZ8BZJ;
						ProvisioningStyle = Automatic;
					};
				};
			};
			buildConfigurationList = DEEE9B351ED7D59A00364F7F /* Build configuration list for PBXProject "apiDemo" */;
			compatibilityVersion = "Xcode 3.2";
			developmentRegion = English;
			hasScannedForEncodings = 0;
			knownRegions = (
				en,
				Base,
			);
			mainGroup = DEEE9B311ED7D59A00364F7F;
			productRefGroup = DEEE9B3B1ED7D59A00364F7F /* Products */;
			projectDirPath = "";
			projectRoot = "";
			targets = (
				DEEE9B391ED7D59A00364F7F /* apiDemo */,
			);
		};
/* End PBXProject section */

/* Begin PBXResourcesBuildPhase section */
		DEEE9B381ED7D59A00364F7F /* Resources */ = {
			isa = PBXResourcesBuildPhase;
			buildActionMask = 2147483647;
			files = (
				DEEE9B481ED7D59B00364F7F /* LaunchScreen.storyboard in Resources */,
				DEEE9B451ED7D59B00364F7F /* Assets.xcassets in Resources */,
				DEEE9B431ED7D59B00364F7F /* Main.storyboard in Resources */,
			);
			runOnlyForDeploymentPostprocessing = 0;
		};
/* End PBXResourcesBuildPhase section */

/* Begin PBXSourcesBuildPhase section */
		DEEE9B361ED7D59A00364F7F /* Sources */ = {
			isa = PBXSourcesBuildPhase;
			buildActionMask = 2147483647;
			files = (
				DEEE9B401ED7D59A00364F7F /* ViewController.swift in Sources */,
				DEEE9B3E1ED7D59A00364F7F /* AppDelegate.swift in Sources */,
			);
			runOnlyForDeploymentPostprocessing = 0;
		};
/* End PBXSourcesBuildPhase section */

/* Begin PBXVariantGroup section */
		DEEE9B411ED7D59B00364F7F /* Main.storyboard */ = {
			isa = PBXVariantGroup;
			children = (
				DEEE9B421ED7D59B00364F7F /* Base */,
			);
			name = Main.storyboard;
			sourceTree = "<group>";
		};
		DEEE9B461ED7D59B00364F7F /* LaunchScreen.storyboard */ = {
			isa = PBXVariantGroup;
			children = (
				DEEE9B471ED7D59B00364F7F /* Base */,
			);
			name = LaunchScreen.storyboard;
			sourceTree = "<group>";
		};
/* End PBXVariantGroup section */

/* Begin XCBuildConfiguration section */
		DEEE9B4A1ED7D59B00364F7F /* Debug */ = {
			isa = XCBuildConfiguration;
			buildSettings = {
				ALWAYS_SEARCH_USER_PATHS = NO;
				CLANG_ANALYZER_NONNULL = YES;
				CLANG_ANALYZER_NUMBER_OBJECT_CONVERSION = YES_AGGRESSIVE;
				CLANG_CXX_LANGUAGE_STANDARD = "gnu++0x";
				CLANG_CXX_LIBRARY = "libc++";
				CLANG_ENABLE_MODULES = YES;
				CLANG_ENABLE_OBJC_ARC = YES;
				CLANG_WARN_BOOL_CONVERSION = YES;
				CLANG_WARN_CONSTANT_CONVERSION = YES;
				CLANG_WARN_DIRECT_OBJC_ISA_USAGE = YES_ERROR;
				CLANG_WARN_DOCUMENTATION_COMMENTS = YES;
				CLANG_WARN_EMPTY_BODY = YES;
				CLANG_WARN_ENUM_CONVERSION = YES;
				CLANG_WARN_INFINITE_RECURSION = YES;
				CLANG_WARN_INT_CONVERSION = YES;
				CLANG_WARN_OBJC_ROOT_CLASS = YES_ERROR;
				CLANG_WARN_SUSPICIOUS_MOVE = YES;
				CLANG_WARN_UNREACHABLE_CODE = YES;
				CLANG_WARN__DUPLICATE_METHOD_MATCH = YES;
				"CODE_SIGN_IDENTITY[sdk=iphoneos*]" = "iPhone Developer";
				COPY_PHASE_STRIP = NO;
				DEBUG_INFORMATION_FORMAT = dwarf;
				ENABLE_STRICT_OBJC_MSGSEND = YES;
				ENABLE_TESTABILITY = YES;
				GCC_C_LANGUAGE_STANDARD = gnu99;
				GCC_DYNAMIC_NO_PIC = NO;
				GCC_NO_COMMON_BLOCKS = YES;
				GCC_OPTIMIZATION_LEVEL = 0;
				GCC_PREPROCESSOR_DEFINITIONS = (
					"DEBUG=1",
					"$(inherited)",
				);
				GCC_WARN_64_TO_32_BIT_CONVERSION = YES;
				GCC_WARN_ABOUT_RETURN_TYPE = YES_ERROR;
				GCC_WARN_UNDECLARED_SELECTOR = YES;
				GCC_WARN_UNINITIALIZED_AUTOS = YES_AGGRESSIVE;
				GCC_WARN_UNUSED_FUNCTION = YES;
				GCC_WARN_UNUSED_VARIABLE = YES;
				IPHONEOS_DEPLOYMENT_TARGET = 10.3;
				MTL_ENABLE_DEBUG_INFO = YES;
				ONLY_ACTIVE_ARCH = YES;
				SDKROOT = iphoneos;
				SWIFT_ACTIVE_COMPILATION_CONDITIONS = DEBUG;
				SWIFT_OPTIMIZATION_LEVEL = "-Onone";
			};
			name = Debug;
		};
		DEEE9B4B1ED7D59B00364F7F /* Release */ = {
			isa = XCBuildConfiguration;
			buildSettings = {
				ALWAYS_SEARCH_USER_PATHS = NO;
				CLANG_ANALYZER_NONNULL = YES;
				CLANG_ANALYZER_NUMBER_OBJECT_CONVERSION = YES_AGGRESSIVE;
				CLANG_CXX_LANGUAGE_STANDARD = "gnu++0x";
				CLANG_CXX_LIBRARY = "libc++";
				CLANG_ENABLE_MODULES = YES;
				CLANG_ENABLE_OBJC_ARC = YES;
				CLANG_WARN_BOOL_CONVERSION = YES;
				CLANG_WARN_CONSTANT_CONVERSION = YES;
				CLANG_WARN_DIRECT_OBJC_ISA_USAGE = YES_ERROR;
				CLANG_WARN_DOCUMENTATION_COMMENTS = YES;
				CLANG_WARN_EMPTY_BODY = YES;
				CLANG_WARN_ENUM_CONVERSION = YES;
				CLANG_WARN_INFINITE_RECURSION = YES;
				CLANG_WARN_INT_CONVERSION = YES;
				CLANG_WARN_OBJC_ROOT_CLASS = YES_ERROR;
				CLANG_WARN_SUSPICIOUS_MOVE = YES;
				CLANG_WARN_UNREACHABLE_CODE = YES;
				CLANG_WARN__DUPLICATE_METHOD_MATCH = YES;
				"CODE_SIGN_IDENTITY[sdk=iphoneos*]" = "iPhone Developer";
				COPY_PHASE_STRIP = NO;
				DEBUG_INFORMATION_FORMAT = "dwarf-with-dsym";
				ENABLE_NS_ASSERTIONS = NO;
				ENABLE_STRICT_OBJC_MSGSEND = YES;
				GCC_C_LANGUAGE_STANDARD = gnu99;
				GCC_NO_COMMON_BLOCKS = YES;
				GCC_WARN_64_TO_32_BIT_CONVERSION = YES;
				GCC_WARN_ABOUT_RETURN_TYPE = YES_ERROR;
				GCC_WARN_UNDECLARED_SELECTOR = YES;
				GCC_WARN_UNINITIALIZED_AUTOS = YES_AGGRESSIVE;
				GCC_WARN_UNUSED_FUNCTION = YES;
				GCC_WARN_UNUSED_VARIABLE = YES;
				IPHONEOS_DEPLOYMENT_TARGET = 10.3;
				MTL_ENABLE_DEBUG_INFO = NO;
				SDKROOT = iphoneos;
				SWIFT_OPTIMIZATION_LEVEL = "-Owholemodule";
				VALIDATE_PRODUCT = YES;
			};
			name = Release;
		};
		DEEE9B4D1ED7D59B00364F7F /* Debug */ = {
			isa = XCBuildConfiguration;
			buildSettings = {
				ASSETCATALOG_COMPILER_APPICON_NAME = AppIcon;
				DEVELOPMENT_TEAM = 42ESUZ8BZJ;
				INFOPLIST_FILE = apiDemo/Info.plist;
				LD_RUNPATH_SEARCH_PATHS = "$(inherited) @executable_path/Frameworks";
				PRODUCT_BUNDLE_IDENTIFIER = com.DumbUnicorn.apiDemo;
				PRODUCT_NAME = "$(TARGET_NAME)";
				SWIFT_VERSION = 3.0;
			};
			name = Debug;
		};
		DEEE9B4E1ED7D59B00364F7F /* Release */ = {
			isa = XCBuildConfiguration;
			buildSettings = {
				ASSETCATALOG_COMPILER_APPICON_NAME = AppIcon;
				DEVELOPMENT_TEAM = 42ESUZ8BZJ;
				INFOPLIST_FILE = apiDemo/Info.plist;
				LD_RUNPATH_SEARCH_PATHS = "$(inherited) @executable_path/Frameworks";
				PRODUCT_BUNDLE_IDENTIFIER = com.DumbUnicorn.apiDemo;
				PRODUCT_NAME = "$(TARGET_NAME)";
				SWIFT_VERSION = 3.0;
			};
			name = Release;
		};
/* End XCBuildConfiguration section */

/* Begin XCConfigurationList section */
		DEEE9B351ED7D59A00364F7F /* Build configuration list for PBXProject "apiDemo" */ = {
			isa = XCConfigurationList;
			buildConfigurations = (
				DEEE9B4A1ED7D59B00364F7F /* Debug */,
				DEEE9B4B1ED7D59B00364F7F /* Release */,
			);
			defaultConfigurationIsVisible = 0;
			defaultConfigurationName = Release;
		};
		DEEE9B4C1ED7D59B00364F7F /* Build configuration list for PBXNativeTarget "apiDemo" */ = {
			isa = XCConfigurationList;
			buildConfigurations = (
				DEEE9B4D1ED7D59B00364F7F /* Debug */,
				DEEE9B4E1ED7D59B00364F7F /* Release */,
			);
			defaultConfigurationIsVisible = 0;
		};
/* End XCConfigurationList section */
	};
	rootObject = DEEE9B321ED7D59A00364F7F /* Project object */;
}
